
Microsoft Visual Studio Solution File, Format Version 12.00
# Visual Studio Version 16
VisualStudioVersion = 16.0.30804.86
MinimumVisualStudioVersion = 10.0.40219.1
Project("{FAE04EC0-301F-11D3-BF4B-00C04F79EFBC}") = "Funzioni bidimensionali", "Funzioni bidimensionali\Funzioni bidimensionali.csproj", "{4F87FF86-8867-4DEC-A56F-EA5179ECBDED}"
EndProject
Global
	GlobalSection(SolutionConfigurationPlatforms) = preSolution
		Debug|Any CPU = Debug|Any CPU
		Release|Any CPU = Release|Any CPU
	EndGlobalSection
	GlobalSection(ProjectConfigurationPlatforms) = postSolution
		{4F87FF86-8867-4DEC-A56F-EA5179ECBDED}.Debug|Any CPU.ActiveCfg = Debug|Any CPU
		{4F87FF86-8867-4DEC-A56F-EA5179ECBDED}.Debug|Any CPU.Build.0 = Debug|Any CPU
		{4F87FF86-8867-4DEC-A56F-EA5179ECBDED}.Release|Any CPU.ActiveCfg = Release|Any CPU
		{4F87FF86-8867-4DEC-A56F-EA5179ECBDED}.Release|Any CPU.Build.0 = Release|Any CPU
	EndGlobalSection
	GlobalSection(SolutionProperties) = preSolution
		HideSolutionNode = FALSE
	EndGlobalSection
	GlobalSection(ExtensibilityGlobals) = postSolution
		SolutionGuid = {C93CE380-E927-44E3-974A-790CFCAD5DF9}
	EndGlobalSection
EndGlobal
